
Microsoft Visual Studio Solution File, Format Version 12.00
# Visual Studio Version 17
VisualStudioVersion = 17.7.34031.279
MinimumVisualStudioVersion = 10.0.40219.1
Project("{FAE04EC0-301F-11D3-BF4B-00C04F79EFBC}") = "ejercicio2.3.2", "ejercicio2.3.2\ejercicio2.3.2.csproj", "{D22B67B1-32C3-4B10-9F6E-C2BF14AB2495}"
EndProject
Global
	GlobalSection(SolutionConfigurationPlatforms) = preSolution
		Debug|Any CPU = Debug|Any CPU
		Release|Any CPU = Release|Any CPU
	EndGlobalSection
	GlobalSection(ProjectConfigurationPlatforms) = postSolution
		{D22B67B1-32C3-4B10-9F6E-C2BF14AB2495}.Debug|Any CPU.ActiveCfg = Debug|Any CPU
		{D22B67B1-32C3-4B10-9F6E-C2BF14AB2495}.Debug|Any CPU.Build.0 = Debug|Any CPU
		{D22B67B1-32C3-4B10-9F6E-C2BF14AB2495}.Release|Any CPU.ActiveCfg = Release|Any CPU
		{D22B67B1-32C3-4B10-9F6E-C2BF14AB2495}.Release|Any CPU.Build.0 = Release|Any CPU
	EndGlobalSection
	GlobalSection(SolutionProperties) = preSolution
		HideSolutionNode = FALSE
	EndGlobalSection
	GlobalSection(ExtensibilityGlobals) = postSolution
		SolutionGuid = {877E17CA-E5F7-4144-A9B6-81B36AA77EF9}
	EndGlobalSection
EndGlobal
